
Microsoft Visual Studio Solution File, Format Version 12.00
# Visual Studio 2013
VisualStudioVersion = 12.0.30324.0
MinimumVisualStudioVersion = 10.0.40219.1
Project("{8BC9CEB8-8B4A-11D0-8D11-00A0C91BC942}") = "Rectangles", "Rectangles.vcxproj", "{F58985D4-C9AE-4897-994D-AD39D4FFD725}"
EndProject
Project("{8BC9CEB8-8B4A-11D0-8D11-00A0C91BC942}") = "RectanglesTest", "..\RectanglesTest\RectanglesTest.vcxproj", "{80FE8BB5-1A99-439D-BF5C-3F4E98AB80F4}"
EndProject
Global
	GlobalSection(SolutionConfigurationPlatforms) = preSolution
		Debug|Win32 = Debug|Win32
		Release|Win32 = Release|Win32
	EndGlobalSection
	GlobalSection(ProjectConfigurationPlatforms) = postSolution
		{F58985D4-C9AE-4897-994D-AD39D4FFD725}.Debug|Win32.ActiveCfg = Debug|Win32
		{F58985D4-C9AE-4897-994D-AD39D4FFD725}.Debug|Win32.Build.0 = Debug|Win32
		{F58985D4-C9AE-4897-994D-AD39D4FFD725}.Release|Win32.ActiveCfg = Release|Win32
		{F58985D4-C9AE-4897-994D-AD39D4FFD725}.Release|Win32.Build.0 = Release|Win32
		{80FE8BB5-1A99-439D-BF5C-3F4E98AB80F4}.Debug|Win32.ActiveCfg = Debug|Win32
		{80FE8BB5-1A99-439D-BF5C-3F4E98AB80F4}.Debug|Win32.Build.0 = Debug|Win32
		{80FE8BB5-1A99-439D-BF5C-3F4E98AB80F4}.Release|Win32.ActiveCfg = Release|Win32
		{80FE8BB5-1A99-439D-BF5C-3F4E98AB80F4}.Release|Win32.Build.0 = Release|Win32
	EndGlobalSection
	GlobalSection(SolutionProperties) = preSolution
		HideSolutionNode = FALSE
	EndGlobalSection
EndGlobal
